<Solution>
  <Folder Name="/Solution Items/">
    <File Path=".editorconfig" />
  </Folder>
  <Folder Name="/src/">
    <Project Path="src/FCG.Payments.Application/FCG.Payments.Application.csproj" />
    <Project Path="src/FCG.Payments.Domain/FCG.Payments.Domain.csproj" />
    <Project Path="src/FCG.Payments.Infrastructure.Auth/FCG.Payments.Infrastructure.Auth.csproj" />
    <Project Path="src/FCG.Payments.Infrastructure.Kafka/FCG.Payments.Infrastructure.Kafka.csproj" />
    <Project Path="src/FCG.Payments.Infrastructure.MongoDb/FCG.Payments.Infrastructure.MongoDb.csproj" />
    <Project Path="src/FCG.Payments.Infrastructure.Pdf/FCG.Payments.Infrastructure.Pdf.csproj" />
    <Project Path="src/FCG.Payments.Infrastructure.SqlServer/FCG.Payments.Infrastructure.SqlServer.csproj" />
    <Project Path="src/FCG.Payments.WebApi/FCG.Payments.WebApi.csproj" />
  </Folder>
  <Folder Name="/tests/">
    <Project Path="tests/FCG.Payments.CommomTestUtilities/FCG.Payments.CommomTestUtilities.csproj" />
    <Project Path="tests/FCG.Payments.IntegratedTests/FCG.Payments.IntegratedTests.csproj" />
    <Project Path="tests/FCG.Payments.UnitTests/FCG.Payments.UnitTests.csproj" />
  </Folder>
</Solution>
