
Microsoft Visual Studio Solution File, Format Version 12.00
# Visual Studio Version 17
VisualStudioVersion = 17.14.36705.20
MinimumVisualStudioVersion = 10.0.40219.1
Project("{2150E333-8FDC-42A3-9474-1A3956D46DE8}") = "src", "src", "{02EA681E-C7D8-13C7-8484-4AC65E1B71E8}"
EndProject
Project("{2150E333-8FDC-42A3-9474-1A3956D46DE8}") = "tests", "tests", "{9B44C10D-25D6-4E54-9CE9-E9CD15922A43}"
EndProject
Project("{FAE04EC0-301F-11D3-BF4B-00C04F79EFBC}") = "FCG.Payments.Domain", "src\FCG.Payments.Domain\FCG.Payments.Domain.csproj", "{F415F3A4-5616-42F4-88F8-23FD1DACDD4A}"
EndProject
Project("{FAE04EC0-301F-11D3-BF4B-00C04F79EFBC}") = "FCG.Payments.Application", "src\FCG.Payments.Application\FCG.Payments.Application.csproj", "{63902318-5C1C-41BD-BC02-BD65A2605811}"
EndProject
Project("{FAE04EC0-301F-11D3-BF4B-00C04F79EFBC}") = "FCG.Payments.WebApi", "src\FCG.Payments.WebApi\FCG.Payments.WebApi.csproj", "{E4CB3AA0-C6D1-4DC3-AC93-A2B39A96DD79}"
EndProject
Project("{FAE04EC0-301F-11D3-BF4B-00C04F79EFBC}") = "FCG.Payments.Infrastructure.Auth", "src\FCG.Payments.Infrastructure.Auth\FCG.Payments.Infrastructure.Auth.csproj", "{A709CD14-CFE4-4ACF-B994-7C7BFEBCD583}"
EndProject
Project("{FAE04EC0-301F-11D3-BF4B-00C04F79EFBC}") = "FCG.Payments.Infrastructure.SqlServer", "src\FCG.Payments.Infrastructure.SqlServer\FCG.Payments.Infrastructure.SqlServer.csproj", "{6DAFC9DF-2AD5-39B5-BC51-876B2E3F6CC9}"
EndProject
Project("{FAE04EC0-301F-11D3-BF4B-00C04F79EFBC}") = "FCG.Payments.Infrastructure.Kafka", "src\FCG.Payments.Infrastructure.Kafka\FCG.Payments.Infrastructure.Kafka.csproj", "{6815DF04-EA32-489B-9A6B-E343EFD295BA}"
EndProject
Project("{FAE04EC0-301F-11D3-BF4B-00C04F79EFBC}") = "FCG.Payments.Infrastructure.MongoDb", "src\FCG.Payments.Infrastructure.MongoDb\FCG.Payments.Infrastructure.MongoDb.csproj", "{2B0B2392-4847-4627-A5BF-7BFABB288D1C}"
EndProject
Project("{FAE04EC0-301F-11D3-BF4B-00C04F79EFBC}") = "FCG.Payments.CommomTestUtilities", "tests\FCG.Payments.CommomTestUtilities\FCG.Payments.CommomTestUtilities.csproj", "{CE7A1D1E-C3DA-43A9-A406-3E61F9482CAB}"
EndProject
Project("{FAE04EC0-301F-11D3-BF4B-00C04F79EFBC}") = "FCG.Payments.UnitTests", "tests\FCG.Payments.UnitTests\FCG.Payments.UnitTests.csproj", "{217D8588-FC95-48E3-B4BF-276C917BBF30}"
EndProject
Project("{FAE04EC0-301F-11D3-BF4B-00C04F79EFBC}") = "FCG.Payments.IntegratedTests", "tests\FCG.Payments.IntegratedTests\FCG.Payments.IntegratedTests.csproj", "{F464EE65-0B83-4086-82A4-51CB1070BA5A}"
EndProject
Project("{2150E333-8FDC-42A3-9474-1A3956D46DE8}") = "Solution Items", "Solution Items", "{8EC462FD-D22E-90A8-E5CE-7E832BA40C5D}"
	ProjectSection(SolutionItems) = preProject
		.editorconfig = .editorconfig
	EndProjectSection
EndProject
Global
	GlobalSection(SolutionConfigurationPlatforms) = preSolution
		Debug|Any CPU = Debug|Any CPU
		Release|Any CPU = Release|Any CPU
	EndGlobalSection
	GlobalSection(ProjectConfigurationPlatforms) = postSolution
		{F415F3A4-5616-42F4-88F8-23FD1DACDD4A}.Debug|Any CPU.ActiveCfg = Debug|Any CPU
		{F415F3A4-5616-42F4-88F8-23FD1DACDD4A}.Debug|Any CPU.Build.0 = Debug|Any CPU
		{F415F3A4-5616-42F4-88F8-23FD1DACDD4A}.Release|Any CPU.ActiveCfg = Release|Any CPU
		{F415F3A4-5616-42F4-88F8-23FD1DACDD4A}.Release|Any CPU.Build.0 = Release|Any CPU
		{63902318-5C1C-41BD-BC02-BD65A2605811}.Debug|Any CPU.ActiveCfg = Debug|Any CPU
		{63902318-5C1C-41BD-BC02-BD65A2605811}.Debug|Any CPU.Build.0 = Debug|Any CPU
		{63902318-5C1C-41BD-BC02-BD65A2605811}.Release|Any CPU.ActiveCfg = Release|Any CPU
		{63902318-5C1C-41BD-BC02-BD65A2605811}.Release|Any CPU.Build.0 = Release|Any CPU
		{E4CB3AA0-C6D1-4DC3-AC93-A2B39A96DD79}.Debug|Any CPU.ActiveCfg = Debug|Any CPU
		{E4CB3AA0-C6D1-4DC3-AC93-A2B39A96DD79}.Debug|Any CPU.Build.0 = Debug|Any CPU
		{E4CB3AA0-C6D1-4DC3-AC93-A2B39A96DD79}.Release|Any CPU.ActiveCfg = Release|Any CPU
		{E4CB3AA0-C6D1-4DC3-AC93-A2B39A96DD79}.Release|Any CPU.Build.0 = Release|Any CPU
		{A709CD14-CFE4-4ACF-B994-7C7BFEBCD583}.Debug|Any CPU.ActiveCfg = Debug|Any CPU
		{A709CD14-CFE4-4ACF-B994-7C7BFEBCD583}.Debug|Any CPU.Build.0 = Debug|Any CPU
		{A709CD14-CFE4-4ACF-B994-7C7BFEBCD583}.Release|Any CPU.ActiveCfg = Release|Any CPU
		{A709CD14-CFE4-4ACF-B994-7C7BFEBCD583}.Release|Any CPU.Build.0 = Release|Any CPU
		{6DAFC9DF-2AD5-39B5-BC51-876B2E3F6CC9}.Debug|Any CPU.ActiveCfg = Debug|Any CPU
		{6DAFC9DF-2AD5-39B5-BC51-876B2E3F6CC9}.Debug|Any CPU.Build.0 = Debug|Any CPU
		{6DAFC9DF-2AD5-39B5-BC51-876B2E3F6CC9}.Release|Any CPU.ActiveCfg = Release|Any CPU
		{6DAFC9DF-2AD5-39B5-BC51-876B2E3F6CC9}.Release|Any CPU.Build.0 = Release|Any CPU
		{6815DF04-EA32-489B-9A6B-E343EFD295BA}.Debug|Any CPU.ActiveCfg = Debug|Any CPU
		{6815DF04-EA32-489B-9A6B-E343EFD295BA}.Debug|Any CPU.Build.0 = Debug|Any CPU
		{6815DF04-EA32-489B-9A6B-E343EFD295BA}.Release|Any CPU.ActiveCfg = Release|Any CPU
		{6815DF04-EA32-489B-9A6B-E343EFD295BA}.Release|Any CPU.Build.0 = Release|Any CPU
		{2B0B2392-4847-4627-A5BF-7BFABB288D1C}.Debug|Any CPU.ActiveCfg = Debug|Any CPU
		{2B0B2392-4847-4627-A5BF-7BFABB288D1C}.Debug|Any CPU.Build.0 = Debug|Any CPU
		{2B0B2392-4847-4627-A5BF-7BFABB288D1C}.Release|Any CPU.ActiveCfg = Release|Any CPU
		{2B0B2392-4847-4627-A5BF-7BFABB288D1C}.Release|Any CPU.Build.0 = Release|Any CPU
		{CE7A1D1E-C3DA-43A9-A406-3E61F9482CAB}.Debug|Any CPU.ActiveCfg = Debug|Any CPU
		{CE7A1D1E-C3DA-43A9-A406-3E61F9482CAB}.Debug|Any CPU.Build.0 = Debug|Any CPU
		{CE7A1D1E-C3DA-43A9-A406-3E61F9482CAB}.Release|Any CPU.ActiveCfg = Release|Any CPU
		{CE7A1D1E-C3DA-43A9-A406-3E61F9482CAB}.Release|Any CPU.Build.0 = Release|Any CPU
		{217D8588-FC95-48E3-B4BF-276C917BBF30}.Debug|Any CPU.ActiveCfg = Debug|Any CPU
		{217D8588-FC95-48E3-B4BF-276C917BBF30}.Debug|Any CPU.Build.0 = Debug|Any CPU
		{217D8588-FC95-48E3-B4BF-276C917BBF30}.Release|Any CPU.ActiveCfg = Release|Any CPU
		{217D8588-FC95-48E3-B4BF-276C917BBF30}.Release|Any CPU.Build.0 = Release|Any CPU
		{F464EE65-0B83-4086-82A4-51CB1070BA5A}.Debug|Any CPU.ActiveCfg = Debug|Any CPU
		{F464EE65-0B83-4086-82A4-51CB1070BA5A}.Debug|Any CPU.Build.0 = Debug|Any CPU
		{F464EE65-0B83-4086-82A4-51CB1070BA5A}.Release|Any CPU.ActiveCfg = Release|Any CPU
		{F464EE65-0B83-4086-82A4-51CB1070BA5A}.Release|Any CPU.Build.0 = Release|Any CPU
	EndGlobalSection
	GlobalSection(SolutionProperties) = preSolution
		HideSolutionNode = FALSE
	EndGlobalSection
	GlobalSection(NestedProjects) = preSolution
		{F415F3A4-5616-42F4-88F8-23FD1DACDD4A} = {02EA681E-C7D8-13C7-8484-4AC65E1B71E8}
		{63902318-5C1C-41BD-BC02-BD65A2605811} = {02EA681E-C7D8-13C7-8484-4AC65E1B71E8}
		{E4CB3AA0-C6D1-4DC3-AC93-A2B39A96DD79} = {02EA681E-C7D8-13C7-8484-4AC65E1B71E8}
		{A709CD14-CFE4-4ACF-B994-7C7BFEBCD583} = {02EA681E-C7D8-13C7-8484-4AC65E1B71E8}
		{6DAFC9DF-2AD5-39B5-BC51-876B2E3F6CC9} = {02EA681E-C7D8-13C7-8484-4AC65E1B71E8}
		{6815DF04-EA32-489B-9A6B-E343EFD295BA} = {02EA681E-C7D8-13C7-8484-4AC65E1B71E8}
		{2B0B2392-4847-4627-A5BF-7BFABB288D1C} = {02EA681E-C7D8-13C7-8484-4AC65E1B71E8}
		{CE7A1D1E-C3DA-43A9-A406-3E61F9482CAB} = {9B44C10D-25D6-4E54-9CE9-E9CD15922A43}
		{217D8588-FC95-48E3-B4BF-276C917BBF30} = {9B44C10D-25D6-4E54-9CE9-E9CD15922A43}
		{F464EE65-0B83-4086-82A4-51CB1070BA5A} = {9B44C10D-25D6-4E54-9CE9-E9CD15922A43}
	EndGlobalSection
	GlobalSection(ExtensibilityGlobals) = postSolution
		SolutionGuid = {E6F86020-EAAE-4FB4-AF88-1A5E14B1B5BE}
	EndGlobalSection
EndGlobal
